
Microsoft Visual Studio Solution File, Format Version 12.00
# Visual Studio 15
VisualStudioVersion = 15.0.28307.421
MinimumVisualStudioVersion = 10.0.40219.1
Project("{FAE04EC0-301F-11D3-BF4B-00C04F79EFBC}") = "testforms", "testforms\testforms.csproj", "{FA90569A-6296-4A49-8910-F1E9004AD17D}"
EndProject
Global
	GlobalSection(SolutionConfigurationPlatforms) = preSolution
		Debug|Any CPU = Debug|Any CPU
		Release|Any CPU = Release|Any CPU
	EndGlobalSection
	GlobalSection(ProjectConfigurationPlatforms) = postSolution
		{FA90569A-6296-4A49-8910-F1E9004AD17D}.Debug|Any CPU.ActiveCfg = Debug|Any CPU
		{FA90569A-6296-4A49-8910-F1E9004AD17D}.Debug|Any CPU.Build.0 = Debug|Any CPU
		{FA90569A-6296-4A49-8910-F1E9004AD17D}.Release|Any CPU.ActiveCfg = Release|Any CPU
		{FA90569A-6296-4A49-8910-F1E9004AD17D}.Release|Any CPU.Build.0 = Release|Any CPU
	EndGlobalSection
	GlobalSection(SolutionProperties) = preSolution
		HideSolutionNode = FALSE
	EndGlobalSection
	GlobalSection(ExtensibilityGlobals) = postSolution
		SolutionGuid = {BE8D4B8C-0EA3-4672-B849-5C62AA17EE0F}
	EndGlobalSection
EndGlobal
